
Microsoft Visual Studio Solution File, Format Version 12.00
# Visual Studio Version 17
VisualStudioVersion = 17.9.34622.214
MinimumVisualStudioVersion = 10.0.40219.1
Project("{FAE04EC0-301F-11D3-BF4B-00C04F79EFBC}") = "RentMotas", "RentMotas\RentMotas.csproj", "{7CA15572-033F-465C-8E8A-4B821985D84C}"
EndProject
Global
	GlobalSection(SolutionConfigurationPlatforms) = preSolution
		Debug|Any CPU = Debug|Any CPU
		Release|Any CPU = Release|Any CPU
	EndGlobalSection
	GlobalSection(ProjectConfigurationPlatforms) = postSolution
		{7CA15572-033F-465C-8E8A-4B821985D84C}.Debug|Any CPU.ActiveCfg = Debug|Any CPU
		{7CA15572-033F-465C-8E8A-4B821985D84C}.Debug|Any CPU.Build.0 = Debug|Any CPU
		{7CA15572-033F-465C-8E8A-4B821985D84C}.Release|Any CPU.ActiveCfg = Release|Any CPU
		{7CA15572-033F-465C-8E8A-4B821985D84C}.Release|Any CPU.Build.0 = Release|Any CPU
	EndGlobalSection
	GlobalSection(SolutionProperties) = preSolution
		HideSolutionNode = FALSE
	EndGlobalSection
	GlobalSection(ExtensibilityGlobals) = postSolution
		SolutionGuid = {B808D32B-4E45-4098-B58C-1C6C9060FAA3}
	EndGlobalSection
EndGlobal
